
Microsoft Visual Studio Solution File, Format Version 12.00
# Visual Studio 15
VisualStudioVersion = 15.0.26124.0
MinimumVisualStudioVersion = 15.0.26124.0
Project("{FAE04EC0-301F-11D3-BF4B-00C04F79EFBC}") = "CursoOnline.Dominio", "CursoOnline.Dominio\CursoOnline.Dominio.csproj", "{987C4FB1-FFB5-4F53-B379-D961249CDD49}"
EndProject
Project("{FAE04EC0-301F-11D3-BF4B-00C04F79EFBC}") = "CursoOnline.Web", "CursoOnline.Web\CursoOnline.Web.csproj", "{E423011F-EC46-4DC6-95B6-CA4824903AF5}"
EndProject
Project("{FAE04EC0-301F-11D3-BF4B-00C04F79EFBC}") = "CursoOnline.DominioTest", "CursoOnline.DominioTest\CursoOnline.DominioTest.csproj", "{DFCA1A38-02F7-4850-B564-5BCDE140D105}"
EndProject
Global
	GlobalSection(SolutionConfigurationPlatforms) = preSolution
		Debug|Any CPU = Debug|Any CPU
		Debug|x64 = Debug|x64
		Debug|x86 = Debug|x86
		Release|Any CPU = Release|Any CPU
		Release|x64 = Release|x64
		Release|x86 = Release|x86
	EndGlobalSection
	GlobalSection(SolutionProperties) = preSolution
		HideSolutionNode = FALSE
	EndGlobalSection
	GlobalSection(ProjectConfigurationPlatforms) = postSolution
		{987C4FB1-FFB5-4F53-B379-D961249CDD49}.Debug|Any CPU.ActiveCfg = Debug|Any CPU
		{987C4FB1-FFB5-4F53-B379-D961249CDD49}.Debug|Any CPU.Build.0 = Debug|Any CPU
		{987C4FB1-FFB5-4F53-B379-D961249CDD49}.Debug|x64.ActiveCfg = Debug|Any CPU
		{987C4FB1-FFB5-4F53-B379-D961249CDD49}.Debug|x64.Build.0 = Debug|Any CPU
		{987C4FB1-FFB5-4F53-B379-D961249CDD49}.Debug|x86.ActiveCfg = Debug|Any CPU
		{987C4FB1-FFB5-4F53-B379-D961249CDD49}.Debug|x86.Build.0 = Debug|Any CPU
		{987C4FB1-FFB5-4F53-B379-D961249CDD49}.Release|Any CPU.ActiveCfg = Release|Any CPU
		{987C4FB1-FFB5-4F53-B379-D961249CDD49}.Release|Any CPU.Build.0 = Release|Any CPU
		{987C4FB1-FFB5-4F53-B379-D961249CDD49}.Release|x64.ActiveCfg = Release|Any CPU
		{987C4FB1-FFB5-4F53-B379-D961249CDD49}.Release|x64.Build.0 = Release|Any CPU
		{987C4FB1-FFB5-4F53-B379-D961249CDD49}.Release|x86.ActiveCfg = Release|Any CPU
		{987C4FB1-FFB5-4F53-B379-D961249CDD49}.Release|x86.Build.0 = Release|Any CPU
		{E423011F-EC46-4DC6-95B6-CA4824903AF5}.Debug|Any CPU.ActiveCfg = Debug|Any CPU
		{E423011F-EC46-4DC6-95B6-CA4824903AF5}.Debug|Any CPU.Build.0 = Debug|Any CPU
		{E423011F-EC46-4DC6-95B6-CA4824903AF5}.Debug|x64.ActiveCfg = Debug|Any CPU
		{E423011F-EC46-4DC6-95B6-CA4824903AF5}.Debug|x64.Build.0 = Debug|Any CPU
		{E423011F-EC46-4DC6-95B6-CA4824903AF5}.Debug|x86.ActiveCfg = Debug|Any CPU
		{E423011F-EC46-4DC6-95B6-CA4824903AF5}.Debug|x86.Build.0 = Debug|Any CPU
		{E423011F-EC46-4DC6-95B6-CA4824903AF5}.Release|Any CPU.ActiveCfg = Release|Any CPU
		{E423011F-EC46-4DC6-95B6-CA4824903AF5}.Release|Any CPU.Build.0 = Release|Any CPU
		{E423011F-EC46-4DC6-95B6-CA4824903AF5}.Release|x64.ActiveCfg = Release|Any CPU
		{E423011F-EC46-4DC6-95B6-CA4824903AF5}.Release|x64.Build.0 = Release|Any CPU
		{E423011F-EC46-4DC6-95B6-CA4824903AF5}.Release|x86.ActiveCfg = Release|Any CPU
		{E423011F-EC46-4DC6-95B6-CA4824903AF5}.Release|x86.Build.0 = Release|Any CPU
		{DFCA1A38-02F7-4850-B564-5BCDE140D105}.Debug|Any CPU.ActiveCfg = Debug|Any CPU
		{DFCA1A38-02F7-4850-B564-5BCDE140D105}.Debug|Any CPU.Build.0 = Debug|Any CPU
		{DFCA1A38-02F7-4850-B564-5BCDE140D105}.Debug|x64.ActiveCfg = Debug|Any CPU
		{DFCA1A38-02F7-4850-B564-5BCDE140D105}.Debug|x64.Build.0 = Debug|Any CPU
		{DFCA1A38-02F7-4850-B564-5BCDE140D105}.Debug|x86.ActiveCfg = Debug|Any CPU
		{DFCA1A38-02F7-4850-B564-5BCDE140D105}.Debug|x86.Build.0 = Debug|Any CPU
		{DFCA1A38-02F7-4850-B564-5BCDE140D105}.Release|Any CPU.ActiveCfg = Release|Any CPU
		{DFCA1A38-02F7-4850-B564-5BCDE140D105}.Release|Any CPU.Build.0 = Release|Any CPU
		{DFCA1A38-02F7-4850-B564-5BCDE140D105}.Release|x64.ActiveCfg = Release|Any CPU
		{DFCA1A38-02F7-4850-B564-5BCDE140D105}.Release|x64.Build.0 = Release|Any CPU
		{DFCA1A38-02F7-4850-B564-5BCDE140D105}.Release|x86.ActiveCfg = Release|Any CPU
		{DFCA1A38-02F7-4850-B564-5BCDE140D105}.Release|x86.Build.0 = Release|Any CPU
	EndGlobalSection
EndGlobal
