
Microsoft Visual Studio Solution File, Format Version 12.00
# Visual Studio 15
VisualStudioVersion = 15.0.26124.0
MinimumVisualStudioVersion = 15.0.26124.0
Project("{FAE04EC0-301F-11D3-BF4B-00C04F79EFBC}") = "CursoOnline.DominioTest", "CursoOnline.DominioTest\CursoOnline.DominioTest.csproj", "{3F72E716-0D7C-457D-843F-89B4BD4EE067}"
EndProject
Project("{FAE04EC0-301F-11D3-BF4B-00C04F79EFBC}") = "CursoOnline.Dominio", "CursoOnline.Dominio\CursoOnline.Dominio.csproj", "{422D4CF9-F311-41B0-A645-4E3F91999985}"
EndProject
Project("{FAE04EC0-301F-11D3-BF4B-00C04F79EFBC}") = "CursoOnline.Dados", "CursoOnline.Dados\CursoOnline.Dados.csproj", "{92499665-7B02-41E3-AB06-40BAEAA39C07}"
EndProject
Project("{FAE04EC0-301F-11D3-BF4B-00C04F79EFBC}") = "CursoOnline.Web", "CursoOnline.Web\CursoOnline.Web.csproj", "{C4B7B7A3-A96B-48CB-9D40-6A199E63D120}"
EndProject
Project("{FAE04EC0-301F-11D3-BF4B-00C04F79EFBC}") = "CursoOnline.Ioc", "CursoOnline.Ioc\CursoOnline.Ioc.csproj", "{EA9264F2-D3F7-4488-8D83-DECE9D1B7B04}"
EndProject
Global
	GlobalSection(SolutionConfigurationPlatforms) = preSolution
		Debug|Any CPU = Debug|Any CPU
		Debug|x64 = Debug|x64
		Debug|x86 = Debug|x86
		Release|Any CPU = Release|Any CPU
		Release|x64 = Release|x64
		Release|x86 = Release|x86
	EndGlobalSection
	GlobalSection(SolutionProperties) = preSolution
		HideSolutionNode = FALSE
	EndGlobalSection
	GlobalSection(ProjectConfigurationPlatforms) = postSolution
		{3F72E716-0D7C-457D-843F-89B4BD4EE067}.Debug|Any CPU.ActiveCfg = Debug|Any CPU
		{3F72E716-0D7C-457D-843F-89B4BD4EE067}.Debug|Any CPU.Build.0 = Debug|Any CPU
		{3F72E716-0D7C-457D-843F-89B4BD4EE067}.Debug|x64.ActiveCfg = Debug|Any CPU
		{3F72E716-0D7C-457D-843F-89B4BD4EE067}.Debug|x64.Build.0 = Debug|Any CPU
		{3F72E716-0D7C-457D-843F-89B4BD4EE067}.Debug|x86.ActiveCfg = Debug|Any CPU
		{3F72E716-0D7C-457D-843F-89B4BD4EE067}.Debug|x86.Build.0 = Debug|Any CPU
		{3F72E716-0D7C-457D-843F-89B4BD4EE067}.Release|Any CPU.ActiveCfg = Release|Any CPU
		{3F72E716-0D7C-457D-843F-89B4BD4EE067}.Release|Any CPU.Build.0 = Release|Any CPU
		{3F72E716-0D7C-457D-843F-89B4BD4EE067}.Release|x64.ActiveCfg = Release|Any CPU
		{3F72E716-0D7C-457D-843F-89B4BD4EE067}.Release|x64.Build.0 = Release|Any CPU
		{3F72E716-0D7C-457D-843F-89B4BD4EE067}.Release|x86.ActiveCfg = Release|Any CPU
		{3F72E716-0D7C-457D-843F-89B4BD4EE067}.Release|x86.Build.0 = Release|Any CPU
		{422D4CF9-F311-41B0-A645-4E3F91999985}.Debug|Any CPU.ActiveCfg = Debug|Any CPU
		{422D4CF9-F311-41B0-A645-4E3F91999985}.Debug|Any CPU.Build.0 = Debug|Any CPU
		{422D4CF9-F311-41B0-A645-4E3F91999985}.Debug|x64.ActiveCfg = Debug|Any CPU
		{422D4CF9-F311-41B0-A645-4E3F91999985}.Debug|x64.Build.0 = Debug|Any CPU
		{422D4CF9-F311-41B0-A645-4E3F91999985}.Debug|x86.ActiveCfg = Debug|Any CPU
		{422D4CF9-F311-41B0-A645-4E3F91999985}.Debug|x86.Build.0 = Debug|Any CPU
		{422D4CF9-F311-41B0-A645-4E3F91999985}.Release|Any CPU.ActiveCfg = Release|Any CPU
		{422D4CF9-F311-41B0-A645-4E3F91999985}.Release|Any CPU.Build.0 = Release|Any CPU
		{422D4CF9-F311-41B0-A645-4E3F91999985}.Release|x64.ActiveCfg = Release|Any CPU
		{422D4CF9-F311-41B0-A645-4E3F91999985}.Release|x64.Build.0 = Release|Any CPU
		{422D4CF9-F311-41B0-A645-4E3F91999985}.Release|x86.ActiveCfg = Release|Any CPU
		{422D4CF9-F311-41B0-A645-4E3F91999985}.Release|x86.Build.0 = Release|Any CPU
		{92499665-7B02-41E3-AB06-40BAEAA39C07}.Debug|Any CPU.ActiveCfg = Debug|Any CPU
		{92499665-7B02-41E3-AB06-40BAEAA39C07}.Debug|Any CPU.Build.0 = Debug|Any CPU
		{92499665-7B02-41E3-AB06-40BAEAA39C07}.Debug|x64.ActiveCfg = Debug|Any CPU
		{92499665-7B02-41E3-AB06-40BAEAA39C07}.Debug|x64.Build.0 = Debug|Any CPU
		{92499665-7B02-41E3-AB06-40BAEAA39C07}.Debug|x86.ActiveCfg = Debug|Any CPU
		{92499665-7B02-41E3-AB06-40BAEAA39C07}.Debug|x86.Build.0 = Debug|Any CPU
		{92499665-7B02-41E3-AB06-40BAEAA39C07}.Release|Any CPU.ActiveCfg = Release|Any CPU
		{92499665-7B02-41E3-AB06-40BAEAA39C07}.Release|Any CPU.Build.0 = Release|Any CPU
		{92499665-7B02-41E3-AB06-40BAEAA39C07}.Release|x64.ActiveCfg = Release|Any CPU
		{92499665-7B02-41E3-AB06-40BAEAA39C07}.Release|x64.Build.0 = Release|Any CPU
		{92499665-7B02-41E3-AB06-40BAEAA39C07}.Release|x86.ActiveCfg = Release|Any CPU
		{92499665-7B02-41E3-AB06-40BAEAA39C07}.Release|x86.Build.0 = Release|Any CPU
		{C4B7B7A3-A96B-48CB-9D40-6A199E63D120}.Debug|Any CPU.ActiveCfg = Debug|Any CPU
		{C4B7B7A3-A96B-48CB-9D40-6A199E63D120}.Debug|Any CPU.Build.0 = Debug|Any CPU
		{C4B7B7A3-A96B-48CB-9D40-6A199E63D120}.Debug|x64.ActiveCfg = Debug|Any CPU
		{C4B7B7A3-A96B-48CB-9D40-6A199E63D120}.Debug|x64.Build.0 = Debug|Any CPU
		{C4B7B7A3-A96B-48CB-9D40-6A199E63D120}.Debug|x86.ActiveCfg = Debug|Any CPU
		{C4B7B7A3-A96B-48CB-9D40-6A199E63D120}.Debug|x86.Build.0 = Debug|Any CPU
		{C4B7B7A3-A96B-48CB-9D40-6A199E63D120}.Release|Any CPU.ActiveCfg = Release|Any CPU
		{C4B7B7A3-A96B-48CB-9D40-6A199E63D120}.Release|Any CPU.Build.0 = Release|Any CPU
		{C4B7B7A3-A96B-48CB-9D40-6A199E63D120}.Release|x64.ActiveCfg = Release|Any CPU
		{C4B7B7A3-A96B-48CB-9D40-6A199E63D120}.Release|x64.Build.0 = Release|Any CPU
		{C4B7B7A3-A96B-48CB-9D40-6A199E63D120}.Release|x86.ActiveCfg = Release|Any CPU
		{C4B7B7A3-A96B-48CB-9D40-6A199E63D120}.Release|x86.Build.0 = Release|Any CPU
		{EA9264F2-D3F7-4488-8D83-DECE9D1B7B04}.Debug|Any CPU.ActiveCfg = Debug|Any CPU
		{EA9264F2-D3F7-4488-8D83-DECE9D1B7B04}.Debug|Any CPU.Build.0 = Debug|Any CPU
		{EA9264F2-D3F7-4488-8D83-DECE9D1B7B04}.Debug|x64.ActiveCfg = Debug|Any CPU
		{EA9264F2-D3F7-4488-8D83-DECE9D1B7B04}.Debug|x64.Build.0 = Debug|Any CPU
		{EA9264F2-D3F7-4488-8D83-DECE9D1B7B04}.Debug|x86.ActiveCfg = Debug|Any CPU
		{EA9264F2-D3F7-4488-8D83-DECE9D1B7B04}.Debug|x86.Build.0 = Debug|Any CPU
		{EA9264F2-D3F7-4488-8D83-DECE9D1B7B04}.Release|Any CPU.ActiveCfg = Release|Any CPU
		{EA9264F2-D3F7-4488-8D83-DECE9D1B7B04}.Release|Any CPU.Build.0 = Release|Any CPU
		{EA9264F2-D3F7-4488-8D83-DECE9D1B7B04}.Release|x64.ActiveCfg = Release|Any CPU
		{EA9264F2-D3F7-4488-8D83-DECE9D1B7B04}.Release|x64.Build.0 = Release|Any CPU
		{EA9264F2-D3F7-4488-8D83-DECE9D1B7B04}.Release|x86.ActiveCfg = Release|Any CPU
		{EA9264F2-D3F7-4488-8D83-DECE9D1B7B04}.Release|x86.Build.0 = Release|Any CPU
	EndGlobalSection
EndGlobal
